<?xml version="1.0" encoding="utf-8"?>
<Project ToolsVersion="4.0" xmlns="http://schemas.microsoft.com/developer/msbuild/2003">
  <ItemGroup>
    <Filter Include="Source">
      <UniqueIdentifier>{4FC737F1-C7A5-4376-A066-2A32D752A2FF}</UniqueIdentifier>
      <Extensions>cpp;c;cc;cxx;c++;cppm;ixx;def;odl;idl;hpj;bat;asm;asmx</Extensions>
    </Filter>
    <Filter Include="Source\Runtime">
      <UniqueIdentifier>{f2f14d92-b430-47b6-aaf3-9728d5ddd12c}</UniqueIdentifier>
    </Filter>
    <Filter Include="Source\Runtime\Lanucher">
      <UniqueIdentifier>{4989d53d-9ac7-4338-812c-c73d6c462cf0}</UniqueIdentifier>
    </Filter>
    <Filter Include="Source\Developer">
      <UniqueIdentifier>{5aaa48c0-bfd7-462d-a80a-fbe41e7b25a8}</UniqueIdentifier>
    </Filter>
    <Filter Include="Source\Developer\Utility">
      <UniqueIdentifier>{a3fbcd04-734b-4485-a069-13cc605fde39}</UniqueIdentifier>
    </Filter>
    <Filter Include="Source\Developer\Utility\Console">
      <UniqueIdentifier>{470fcee5-dfa3-4e68-ab1a-7f1df192035c}</UniqueIdentifier>
    </Filter>
    <Filter Include="Source\Runtime\Engine">
      <UniqueIdentifier>{d163143e-18d1-4cf0-9fa7-798afed71a53}</UniqueIdentifier>
    </Filter>
    <Filter Include="Source\Runtime\Engine\Application">
      <UniqueIdentifier>{a16d235e-d9e7-4a43-83eb-c4067abdd69f}</UniqueIdentifier>
    </Filter>
    <Filter Include="Source\Runtime\Render">
      <UniqueIdentifier>{e105fecc-623c-48a5-9bd4-c179751d0191}</UniqueIdentifier>
    </Filter>
    <Filter Include="Source\Developer\RHI">
      <UniqueIdentifier>{99666502-544e-470e-9199-f504244740eb}</UniqueIdentifier>
    </Filter>
    <Filter Include="Source\Runtime\Core">
      <UniqueIdentifier>{1b7b80d2-b545-4b5c-a701-cb2f646357a8}</UniqueIdentifier>
    </Filter>
    <Filter Include="Source\Runtime\Core\EngineType">
      <UniqueIdentifier>{e55ae82b-2765-43ec-a626-1e089f5130ff}</UniqueIdentifier>
    </Filter>
    <Filter Include="Source\Developer\RHI\Vertex">
      <UniqueIdentifier>{b417a801-db1f-4af4-af53-c66757ee2352}</UniqueIdentifier>
    </Filter>
    <Filter Include="Source\ZProjectGame">
      <UniqueIdentifier>{7cfb264b-30b6-4169-a7f7-6ef5cd9e62d9}</UniqueIdentifier>
    </Filter>
    <Filter Include="Source\ZProjectGame\01-BoxLevel">
      <UniqueIdentifier>{129e0c84-a909-4e8e-82e3-0ed61cb154bb}</UniqueIdentifier>
    </Filter>
    <Filter Include="Source\Runtime\Engine\Level">
      <UniqueIdentifier>{f912bd12-a1ee-4085-8387-7dd85b3f1da1}</UniqueIdentifier>
    </Filter>
    <Filter Include="Source\Runtime\Engine\World">
      <UniqueIdentifier>{688a859f-362d-4be4-82d2-e3b90a069130}</UniqueIdentifier>
    </Filter>
  </ItemGroup>
  <ItemGroup>
    <ClCompile Include="Source\Runtime\Lanucher\WindowsLauncher.cpp">
      <Filter>Source\Runtime\Lanucher</Filter>
    </ClCompile>
    <ClCompile Include="Source\Runtime\Engine\Application\EngineApplication.cpp">
      <Filter>Source\Runtime\Engine\Application</Filter>
    </ClCompile>
    <ClCompile Include="Source\Runtime\Render\DirectXRHI.cpp">
      <Filter>Source\Runtime\Render</Filter>
    </ClCompile>
    <ClCompile Include="Source\Developer\RHI\RenderHardwareInterface.cpp">
      <Filter>Source\Developer\RHI</Filter>
    </ClCompile>
    <ClCompile Include="Source\Developer\RHI\Vertex\RHIVertex.cpp">
      <Filter>Source\Developer\RHI\Vertex</Filter>
    </ClCompile>
    <ClCompile Include="Source\Runtime\Engine\Level\FrostbiteLevel.cpp">
      <Filter>Source\Runtime\Engine\Level</Filter>
    </ClCompile>
    <ClCompile Include="Source\Runtime\Engine\World\FrostbiteWorld.cpp">
      <Filter>Source\Runtime\Engine\World</Filter>
    </ClCompile>
    <ClCompile Include="Source\ZProjectGame\GameIns01_BoxLevel.cpp">
      <Filter>Source\ZProjectGame\01-BoxLevel</Filter>
    </ClCompile>
  </ItemGroup>
  <ItemGroup>
    <ClInclude Include="Source\Runtime\Engine\Application\EngineApplication.h">
      <Filter>Source\Runtime\Engine\Application</Filter>
    </ClInclude>
    <ClInclude Include="Source\Runtime\Render\DirectXRHI.h">
      <Filter>Source\Runtime\Render</Filter>
    </ClInclude>
    <ClInclude Include="Source\Developer\RHI\RenderHardwareInterface.h">
      <Filter>Source\Developer\RHI</Filter>
    </ClInclude>
    <ClInclude Include="Source\Runtime\Core\CoreMinimal.h">
      <Filter>Source\Runtime\Core</Filter>
    </ClInclude>
    <ClInclude Include="Source\Runtime\Core\EngineType\EngineType.h">
      <Filter>Source\Runtime\Core\EngineType</Filter>
    </ClInclude>
    <ClInclude Include="Source\Developer\Utility\Render\RenderUtility.h">
      <Filter>Source\Developer\Utility</Filter>
    </ClInclude>
    <ClInclude Include="Source\Developer\RHI\Vertex\RHIVertex.h">
      <Filter>Source\Developer\RHI\Vertex</Filter>
    </ClInclude>
    <ClInclude Include="Source\Runtime\Engine\Level\FrostbiteLevel.h">
      <Filter>Source\Runtime\Engine\Level</Filter>
    </ClInclude>
    <ClInclude Include="Source\Runtime\Engine\World\FrostbiteWorld.h">
      <Filter>Source\Runtime\Engine\World</Filter>
    </ClInclude>
    <ClInclude Include="Source\ZProjectGame\GameIns01_BoxLevel.h">
      <Filter>Source\ZProjectGame\01-BoxLevel</Filter>
    </ClInclude>
    <ClInclude Include="Source\ZProjectGame\ProjectInstanceLevel.h">
      <Filter>Source\ZProjectGame</Filter>
    </ClInclude>
  </ItemGroup>
</Project>